// !$*UTF8*$!
{
	archiveVersion = 1;
	classes = {
	};
	objectVersion = 50;
	objects = {

/* Begin PBXBuildFile section */
		AD1376D6241B764A008EBBDE /* ProducerComsumer.cpp in Sources */ = {isa = PBXBuildFile; fileRef = AD1376D4241B764A008EBBDE /* ProducerComsumer.cpp */; };
		AD1376D9241B7656008EBBDE /* ReaderWriter.cpp in Sources */ = {isa = PBXBuildFile; fileRef = AD1376D7241B7656008EBBDE /* ReaderWriter.cpp */; };
		AD1376DC241B7677008EBBDE /* Philosopher.cpp in Sources */ = {isa = PBXBuildFile; fileRef = AD1376DA241B7677008EBBDE /* Philosopher.cpp */; };
		AD1376E2241BDF34008EBBDE /* FizzBUzz.cpp in Sources */ = {isa = PBXBuildFile; fileRef = AD1376E0241BDF34008EBBDE /* FizzBUzz.cpp */; };
		AD56C28E236DDF30009EBFC6 /* Foo.cpp in Sources */ = {isa = PBXBuildFile; fileRef = AD56C28C236DDF30009EBFC6 /* Foo.cpp */; };
		AD56C29223707B1B009EBFC6 /* FooBar.cpp in Sources */ = {isa = PBXBuildFile; fileRef = AD56C29023707B1B009EBFC6 /* FooBar.cpp */; };
		AD56C2952370F9C6009EBFC6 /* ZeroEvenOdd.cpp in Sources */ = {isa = PBXBuildFile; fileRef = AD56C2932370F9C6009EBFC6 /* ZeroEvenOdd.cpp */; };
		AD56C29823732D04009EBFC6 /* DiningPhilosophers.cpp in Sources */ = {isa = PBXBuildFile; fileRef = AD56C29623732D04009EBFC6 /* DiningPhilosophers.cpp */; };
		ADA79ED62284756C00546F5D /* main.cpp in Sources */ = {isa = PBXBuildFile; fileRef = ADA79ED52284756C00546F5D /* main.cpp */; };
		ADF4B1B22398142D006EDF32 /* H2O.cpp in Sources */ = {isa = PBXBuildFile; fileRef = ADF4B1B02398142D006EDF32 /* H2O.cpp */; };
/* End PBXBuildFile section */

/* Begin PBXCopyFilesBuildPhase section */
		ADA79ED02284756C00546F5D /* CopyFiles */ = {
			isa = PBXCopyFilesBuildPhase;
			buildActionMask = 2147483647;
			dstPath = /usr/share/man/man1/;
			dstSubfolderSpec = 0;
			files = (
			);
			runOnlyForDeploymentPostprocessing = 1;
		};
/* End PBXCopyFilesBuildPhase section */

/* Begin PBXFileReference section */
		AD1376D4241B764A008EBBDE /* ProducerComsumer.cpp */ = {isa = PBXFileReference; lastKnownFileType = sourcecode.cpp.cpp; path = ProducerComsumer.cpp; sourceTree = "<group>"; };
		AD1376D5241B764A008EBBDE /* ProducerComsumer.hpp */ = {isa = PBXFileReference; lastKnownFileType = sourcecode.cpp.h; path = ProducerComsumer.hpp; sourceTree = "<group>"; };
		AD1376D7241B7656008EBBDE /* ReaderWriter.cpp */ = {isa = PBXFileReference; lastKnownFileType = sourcecode.cpp.cpp; path = ReaderWriter.cpp; sourceTree = "<group>"; };
		AD1376D8241B7656008EBBDE /* ReaderWriter.hpp */ = {isa = PBXFileReference; lastKnownFileType = sourcecode.cpp.h; path = ReaderWriter.hpp; sourceTree = "<group>"; };
		AD1376DA241B7677008EBBDE /* Philosopher.cpp */ = {isa = PBXFileReference; lastKnownFileType = sourcecode.cpp.cpp; path = Philosopher.cpp; sourceTree = "<group>"; };
		AD1376DB241B7677008EBBDE /* Philosopher.hpp */ = {isa = PBXFileReference; lastKnownFileType = sourcecode.cpp.h; path = Philosopher.hpp; sourceTree = "<group>"; };
		AD1376E0241BDF34008EBBDE /* FizzBUzz.cpp */ = {isa = PBXFileReference; lastKnownFileType = sourcecode.cpp.cpp; path = FizzBUzz.cpp; sourceTree = "<group>"; };
		AD1376E1241BDF34008EBBDE /* FizzBUzz.hpp */ = {isa = PBXFileReference; lastKnownFileType = sourcecode.cpp.h; path = FizzBUzz.hpp; sourceTree = "<group>"; };
		AD56C28C236DDF30009EBFC6 /* Foo.cpp */ = {isa = PBXFileReference; lastKnownFileType = sourcecode.cpp.cpp; path = Foo.cpp; sourceTree = "<group>"; };
		AD56C28D236DDF30009EBFC6 /* Foo.hpp */ = {isa = PBXFileReference; lastKnownFileType = sourcecode.cpp.h; path = Foo.hpp; sourceTree = "<group>"; };
		AD56C28F236DDFA4009EBFC6 /* Note */ = {isa = PBXFileReference; lastKnownFileType = text; path = Note; sourceTree = "<group>"; };
		AD56C29023707B1B009EBFC6 /* FooBar.cpp */ = {isa = PBXFileReference; lastKnownFileType = sourcecode.cpp.cpp; path = FooBar.cpp; sourceTree = "<group>"; };
		AD56C29123707B1B009EBFC6 /* FooBar.hpp */ = {isa = PBXFileReference; lastKnownFileType = sourcecode.cpp.h; path = FooBar.hpp; sourceTree = "<group>"; };
		AD56C2932370F9C6009EBFC6 /* ZeroEvenOdd.cpp */ = {isa = PBXFileReference; lastKnownFileType = sourcecode.cpp.cpp; path = ZeroEvenOdd.cpp; sourceTree = "<group>"; };
		AD56C2942370F9C6009EBFC6 /* ZeroEvenOdd.hpp */ = {isa = PBXFileReference; lastKnownFileType = sourcecode.cpp.h; path = ZeroEvenOdd.hpp; sourceTree = "<group>"; };
		AD56C29623732D04009EBFC6 /* DiningPhilosophers.cpp */ = {isa = PBXFileReference; lastKnownFileType = sourcecode.cpp.cpp; path = DiningPhilosophers.cpp; sourceTree = "<group>"; };
		AD56C29723732D04009EBFC6 /* DiningPhilosophers.hpp */ = {isa = PBXFileReference; lastKnownFileType = sourcecode.cpp.h; path = DiningPhilosophers.hpp; sourceTree = "<group>"; };
		ADA79ED22284756C00546F5D /* OS-Process-Sync */ = {isa = PBXFileReference; explicitFileType = "compiled.mach-o.executable"; includeInIndex = 0; path = "OS-Process-Sync"; sourceTree = BUILT_PRODUCTS_DIR; };
		ADA79ED52284756C00546F5D /* main.cpp */ = {isa = PBXFileReference; lastKnownFileType = sourcecode.cpp.cpp; path = main.cpp; sourceTree = "<group>"; };
		ADF4B1B02398142D006EDF32 /* H2O.cpp */ = {isa = PBXFileReference; lastKnownFileType = sourcecode.cpp.cpp; path = H2O.cpp; sourceTree = "<group>"; };
		ADF4B1B12398142D006EDF32 /* H2O.hpp */ = {isa = PBXFileReference; lastKnownFileType = sourcecode.cpp.h; path = H2O.hpp; sourceTree = "<group>"; };
/* End PBXFileReference section */

/* Begin PBXFrameworksBuildPhase section */
		ADA79ECF2284756C00546F5D /* Frameworks */ = {
			isa = PBXFrameworksBuildPhase;
			buildActionMask = 2147483647;
			files = (
			);
			runOnlyForDeploymentPostprocessing = 0;
		};
/* End PBXFrameworksBuildPhase section */

/* Begin PBXGroup section */
		ADA79EC92284756C00546F5D = {
			isa = PBXGroup;
			children = (
				ADA79ED42284756C00546F5D /* OS-Process-Sync */,
				ADA79ED32284756C00546F5D /* Products */,
			);
			sourceTree = "<group>";
		};
		ADA79ED32284756C00546F5D /* Products */ = {
			isa = PBXGroup;
			children = (
				ADA79ED22284756C00546F5D /* OS-Process-Sync */,
			);
			name = Products;
			sourceTree = "<group>";
		};
		ADA79ED42284756C00546F5D /* OS-Process-Sync */ = {
			isa = PBXGroup;
			children = (
				ADA79ED52284756C00546F5D /* main.cpp */,
				AD56C28C236DDF30009EBFC6 /* Foo.cpp */,
				AD56C28D236DDF30009EBFC6 /* Foo.hpp */,
				AD56C29023707B1B009EBFC6 /* FooBar.cpp */,
				AD56C29123707B1B009EBFC6 /* FooBar.hpp */,
				AD56C28F236DDFA4009EBFC6 /* Note */,
				AD56C2932370F9C6009EBFC6 /* ZeroEvenOdd.cpp */,
				AD56C2942370F9C6009EBFC6 /* ZeroEvenOdd.hpp */,
				AD56C29623732D04009EBFC6 /* DiningPhilosophers.cpp */,
				AD56C29723732D04009EBFC6 /* DiningPhilosophers.hpp */,
				ADF4B1B02398142D006EDF32 /* H2O.cpp */,
				ADF4B1B12398142D006EDF32 /* H2O.hpp */,
				AD1376D4241B764A008EBBDE /* ProducerComsumer.cpp */,
				AD1376D5241B764A008EBBDE /* ProducerComsumer.hpp */,
				AD1376D7241B7656008EBBDE /* ReaderWriter.cpp */,
				AD1376D8241B7656008EBBDE /* ReaderWriter.hpp */,
				AD1376DA241B7677008EBBDE /* Philosopher.cpp */,
				AD1376DB241B7677008EBBDE /* Philosopher.hpp */,
				AD1376E0241BDF34008EBBDE /* FizzBUzz.cpp */,
				AD1376E1241BDF34008EBBDE /* FizzBUzz.hpp */,
			);
			path = "OS-Process-Sync";
			sourceTree = "<group>";
		};
/* End PBXGroup section */

/* Begin PBXNativeTarget section */
		ADA79ED12284756C00546F5D /* OS-Process-Sync */ = {
			isa = PBXNativeTarget;
			buildConfigurationList = ADA79ED92284756C00546F5D /* Build configuration list for PBXNativeTarget "OS-Process-Sync" */;
			buildPhases = (
				ADA79ECE2284756C00546F5D /* Sources */,
				ADA79ECF2284756C00546F5D /* Frameworks */,
				ADA79ED02284756C00546F5D /* CopyFiles */,
			);
			buildRules = (
			);
			dependencies = (
			);
			name = "OS-Process-Sync";
			productName = "OS-Process-Sync";
			productReference = ADA79ED22284756C00546F5D /* OS-Process-Sync */;
			productType = "com.apple.product-type.tool";
		};
/* End PBXNativeTarget section */

/* Begin PBXProject section */
		ADA79ECA2284756C00546F5D /* Project object */ = {
			isa = PBXProject;
			attributes = {
				LastUpgradeCheck = 1010;
				ORGANIZATIONNAME = Yanci;
				TargetAttributes = {
					ADA79ED12284756C00546F5D = {
						CreatedOnToolsVersion = 10.1;
					};
				};
			};
			buildConfigurationList = ADA79ECD2284756C00546F5D /* Build configuration list for PBXProject "OS-Process-Sync" */;
			compatibilityVersion = "Xcode 9.3";
			developmentRegion = en;
			hasScannedForEncodings = 0;
			knownRegions = (
				en,
			);
			mainGroup = ADA79EC92284756C00546F5D;
			productRefGroup = ADA79ED32284756C00546F5D /* Products */;
			projectDirPath = "";
			projectRoot = "";
			targets = (
				ADA79ED12284756C00546F5D /* OS-Process-Sync */,
			);
		};
/* End PBXProject section */

/* Begin PBXSourcesBuildPhase section */
		ADA79ECE2284756C00546F5D /* Sources */ = {
			isa = PBXSourcesBuildPhase;
			buildActionMask = 2147483647;
			files = (
				AD56C29823732D04009EBFC6 /* DiningPhilosophers.cpp in Sources */,
				AD1376DC241B7677008EBBDE /* Philosopher.cpp in Sources */,
				AD1376D9241B7656008EBBDE /* ReaderWriter.cpp in Sources */,
				AD56C28E236DDF30009EBFC6 /* Foo.cpp in Sources */,
				AD56C2952370F9C6009EBFC6 /* ZeroEvenOdd.cpp in Sources */,
				ADF4B1B22398142D006EDF32 /* H2O.cpp in Sources */,
				AD1376D6241B764A008EBBDE /* ProducerComsumer.cpp in Sources */,
				AD56C29223707B1B009EBFC6 /* FooBar.cpp in Sources */,
				ADA79ED62284756C00546F5D /* main.cpp in Sources */,
				AD1376E2241BDF34008EBBDE /* FizzBUzz.cpp in Sources */,
			);
			runOnlyForDeploymentPostprocessing = 0;
		};
/* End PBXSourcesBuildPhase section */

/* Begin XCBuildConfiguration section */
		ADA79ED72284756C00546F5D /* Debug */ = {
			isa = XCBuildConfiguration;
			buildSettings = {
				ALWAYS_SEARCH_USER_PATHS = NO;
				CLANG_ANALYZER_NONNULL = YES;
				CLANG_ANALYZER_NUMBER_OBJECT_CONVERSION = YES_AGGRESSIVE;
				CLANG_CXX_LANGUAGE_STANDARD = "gnu++14";
				CLANG_CXX_LIBRARY = "libc++";
				CLANG_ENABLE_MODULES = YES;
				CLANG_ENABLE_OBJC_ARC = YES;
				CLANG_ENABLE_OBJC_WEAK = YES;
				CLANG_WARN_BLOCK_CAPTURE_AUTORELEASING = YES;
				CLANG_WARN_BOOL_CONVERSION = YES;
				CLANG_WARN_COMMA = YES;
				CLANG_WARN_CONSTANT_CONVERSION = YES;
				CLANG_WARN_DEPRECATED_OBJC_IMPLEMENTATIONS = YES;
				CLANG_WARN_DIRECT_OBJC_ISA_USAGE = YES_ERROR;
				CLANG_WARN_DOCUMENTATION_COMMENTS = YES;
				CLANG_WARN_EMPTY_BODY = YES;
				CLANG_WARN_ENUM_CONVERSION = YES;
				CLANG_WARN_INFINITE_RECURSION = YES;
				CLANG_WARN_INT_CONVERSION = YES;
				CLANG_WARN_NON_LITERAL_NULL_CONVERSION = YES;
				CLANG_WARN_OBJC_IMPLICIT_RETAIN_SELF = YES;
				CLANG_WARN_OBJC_LITERAL_CONVERSION = YES;
				CLANG_WARN_OBJC_ROOT_CLASS = YES_ERROR;
				CLANG_WARN_RANGE_LOOP_ANALYSIS = YES;
				CLANG_WARN_STRICT_PROTOTYPES = YES;
				CLANG_WARN_SUSPICIOUS_MOVE = YES;
				CLANG_WARN_UNGUARDED_AVAILABILITY = YES_AGGRESSIVE;
				CLANG_WARN_UNREACHABLE_CODE = YES;
				CLANG_WARN__DUPLICATE_METHOD_MATCH = YES;
				CODE_SIGN_IDENTITY = "-";
				COPY_PHASE_STRIP = NO;
				DEBUG_INFORMATION_FORMAT = dwarf;
				ENABLE_STRICT_OBJC_MSGSEND = YES;
				ENABLE_TESTABILITY = YES;
				GCC_C_LANGUAGE_STANDARD = gnu11;
				GCC_DYNAMIC_NO_PIC = NO;
				GCC_NO_COMMON_BLOCKS = YES;
				GCC_OPTIMIZATION_LEVEL = 0;
				GCC_PREPROCESSOR_DEFINITIONS = (
					"DEBUG=1",
					"$(inherited)",
				);
				GCC_WARN_64_TO_32_BIT_CONVERSION = YES;
				GCC_WARN_ABOUT_RETURN_TYPE = YES_ERROR;
				GCC_WARN_UNDECLARED_SELECTOR = YES;
				GCC_WARN_UNINITIALIZED_AUTOS = YES_AGGRESSIVE;
				GCC_WARN_UNUSED_FUNCTION = YES;
				GCC_WARN_UNUSED_VARIABLE = YES;
				MACOSX_DEPLOYMENT_TARGET = 10.14;
				MTL_ENABLE_DEBUG_INFO = INCLUDE_SOURCE;
				MTL_FAST_MATH = YES;
				ONLY_ACTIVE_ARCH = YES;
				SDKROOT = macosx;
			};
			name = Debug;
		};
		ADA79ED82284756C00546F5D /* Release */ = {
			isa = XCBuildConfiguration;
			buildSettings = {
				ALWAYS_SEARCH_USER_PATHS = NO;
				CLANG_ANALYZER_NONNULL = YES;
				CLANG_ANALYZER_NUMBER_OBJECT_CONVERSION = YES_AGGRESSIVE;
				CLANG_CXX_LANGUAGE_STANDARD = "gnu++14";
				CLANG_CXX_LIBRARY = "libc++";
				CLANG_ENABLE_MODULES = YES;
				CLANG_ENABLE_OBJC_ARC = YES;
				CLANG_ENABLE_OBJC_WEAK = YES;
				CLANG_WARN_BLOCK_CAPTURE_AUTORELEASING = YES;
				CLANG_WARN_BOOL_CONVERSION = YES;
				CLANG_WARN_COMMA = YES;
				CLANG_WARN_CONSTANT_CONVERSION = YES;
				CLANG_WARN_DEPRECATED_OBJC_IMPLEMENTATIONS = YES;
				CLANG_WARN_DIRECT_OBJC_ISA_USAGE = YES_ERROR;
				CLANG_WARN_DOCUMENTATION_COMMENTS = YES;
				CLANG_WARN_EMPTY_BODY = YES;
				CLANG_WARN_ENUM_CONVERSION = YES;
				CLANG_WARN_INFINITE_RECURSION = YES;
				CLANG_WARN_INT_CONVERSION = YES;
				CLANG_WARN_NON_LITERAL_NULL_CONVERSION = YES;
				CLANG_WARN_OBJC_IMPLICIT_RETAIN_SELF = YES;
				CLANG_WARN_OBJC_LITERAL_CONVERSION = YES;
				CLANG_WARN_OBJC_ROOT_CLASS = YES_ERROR;
				CLANG_WARN_RANGE_LOOP_ANALYSIS = YES;
				CLANG_WARN_STRICT_PROTOTYPES = YES;
				CLANG_WARN_SUSPICIOUS_MOVE = YES;
				CLANG_WARN_UNGUARDED_AVAILABILITY = YES_AGGRESSIVE;
				CLANG_WARN_UNREACHABLE_CODE = YES;
				CLANG_WARN__DUPLICATE_METHOD_MATCH = YES;
				CODE_SIGN_IDENTITY = "-";
				COPY_PHASE_STRIP = NO;
				DEBUG_INFORMATION_FORMAT = "dwarf-with-dsym";
				ENABLE_NS_ASSERTIONS = NO;
				ENABLE_STRICT_OBJC_MSGSEND = YES;
				GCC_C_LANGUAGE_STANDARD = gnu11;
				GCC_NO_COMMON_BLOCKS = YES;
				GCC_WARN_64_TO_32_BIT_CONVERSION = YES;
				GCC_WARN_ABOUT_RETURN_TYPE = YES_ERROR;
				GCC_WARN_UNDECLARED_SELECTOR = YES;
				GCC_WARN_UNINITIALIZED_AUTOS = YES_AGGRESSIVE;
				GCC_WARN_UNUSED_FUNCTION = YES;
				GCC_WARN_UNUSED_VARIABLE = YES;
				MACOSX_DEPLOYMENT_TARGET = 10.14;
				MTL_ENABLE_DEBUG_INFO = NO;
				MTL_FAST_MATH = YES;
				SDKROOT = macosx;
			};
			name = Release;
		};
		ADA79EDA2284756C00546F5D /* Debug */ = {
			isa = XCBuildConfiguration;
			buildSettings = {
				CODE_SIGN_STYLE = Automatic;
				PRODUCT_NAME = "$(TARGET_NAME)";
			};
			name = Debug;
		};
		ADA79EDB2284756C00546F5D /* Release */ = {
			isa = XCBuildConfiguration;
			buildSettings = {
				CODE_SIGN_STYLE = Automatic;
				PRODUCT_NAME = "$(TARGET_NAME)";
			};
			name = Release;
		};
/* End XCBuildConfiguration section */

/* Begin XCConfigurationList section */
		ADA79ECD2284756C00546F5D /* Build configuration list for PBXProject "OS-Process-Sync" */ = {
			isa = XCConfigurationList;
			buildConfigurations = (
				ADA79ED72284756C00546F5D /* Debug */,
				ADA79ED82284756C00546F5D /* Release */,
			);
			defaultConfigurationIsVisible = 0;
			defaultConfigurationName = Release;
		};
		ADA79ED92284756C00546F5D /* Build configuration list for PBXNativeTarget "OS-Process-Sync" */ = {
			isa = XCConfigurationList;
			buildConfigurations = (
				ADA79EDA2284756C00546F5D /* Debug */,
				ADA79EDB2284756C00546F5D /* Release */,
			);
			defaultConfigurationIsVisible = 0;
			defaultConfigurationName = Release;
		};
/* End XCConfigurationList section */
	};
	rootObject = ADA79ECA2284756C00546F5D /* Project object */;
}
